// !$*UTF8*$!
{
	archiveVersion = 1;
	classes = {
	};
	objectVersion = 50;
	objects = {

/* Begin PBXBuildFile section */
		271B925D2563A6B50084A744 /* CoreGraphics.framework in Frameworks */ = {isa = PBXBuildFile; fileRef = 271B925C2563A6B50084A744 /* CoreGraphics.framework */; };
		274B56CD257472460058882F /* score.cpp in Sources */ = {isa = PBXBuildFile; fileRef = 274B56B9257472460058882F /* score.cpp */; };
		274B56CE257472460058882F /* main.cpp in Sources */ = {isa = PBXBuildFile; fileRef = 274B56BB257472460058882F /* main.cpp */; };
		274B56CF257472460058882F /* gpu_interface_wrapper.mm in Sources */ = {isa = PBXBuildFile; fileRef = 274B56BD257472460058882F /* gpu_interface_wrapper.mm */; };
		274B56D0257472460058882F /* compute_kernels.metal in Sources */ = {isa = PBXBuildFile; fileRef = 274B56BE257472460058882F /* compute_kernels.metal */; };
		274B56D2257472460058882F /* utils.cpp in Sources */ = {isa = PBXBuildFile; fileRef = 274B56C1257472460058882F /* utils.cpp */; };
		274B56D5257472460058882F /* gpu_interface.m in Sources */ = {isa = PBXBuildFile; fileRef = 274B56C9257472460058882F /* gpu_interface.m */; };
/* End PBXBuildFile section */

/* Begin PBXCopyFilesBuildPhase section */
		278FA71225609AE9001C553E /* CopyFiles */ = {
			isa = PBXCopyFilesBuildPhase;
			buildActionMask = 2147483647;
			dstPath = /usr/share/man/man1/;
			dstSubfolderSpec = 0;
			files = (
			);
			runOnlyForDeploymentPostprocessing = 1;
		};
/* End PBXCopyFilesBuildPhase section */

/* Begin PBXFileReference section */
		271B925C2563A6B50084A744 /* CoreGraphics.framework */ = {isa = PBXFileReference; lastKnownFileType = wrapper.framework; name = CoreGraphics.framework; path = System/Library/Frameworks/CoreGraphics.framework; sourceTree = SDKROOT; };
		274B56B9257472460058882F /* score.cpp */ = {isa = PBXFileReference; fileEncoding = 4; lastKnownFileType = sourcecode.cpp.cpp; path = score.cpp; sourceTree = "<group>"; };
		274B56BA257472460058882F /* gpu_interface.h */ = {isa = PBXFileReference; fileEncoding = 4; lastKnownFileType = sourcecode.c.h; path = gpu_interface.h; sourceTree = "<group>"; };
		274B56BB257472460058882F /* main.cpp */ = {isa = PBXFileReference; fileEncoding = 4; lastKnownFileType = sourcecode.cpp.cpp; path = main.cpp; sourceTree = "<group>"; };
		274B56BC257472460058882F /* score.hpp */ = {isa = PBXFileReference; fileEncoding = 4; lastKnownFileType = sourcecode.cpp.h; path = score.hpp; sourceTree = "<group>"; };
		274B56BD257472460058882F /* gpu_interface_wrapper.mm */ = {isa = PBXFileReference; fileEncoding = 4; lastKnownFileType = sourcecode.cpp.objcpp; path = gpu_interface_wrapper.mm; sourceTree = "<group>"; };
		274B56BE257472460058882F /* compute_kernels.metal */ = {isa = PBXFileReference; fileEncoding = 4; lastKnownFileType = sourcecode.metal; path = compute_kernels.metal; sourceTree = "<group>"; };
		274B56BF257472460058882F /* simple_strategies.cpp */ = {isa = PBXFileReference; fileEncoding = 4; lastKnownFileType = sourcecode.cpp.cpp; path = simple_strategies.cpp; sourceTree = "<group>"; };
		274B56C0257472460058882F /* subsetting_strategies.hpp */ = {isa = PBXFileReference; fileEncoding = 4; lastKnownFileType = sourcecode.cpp.h; path = subsetting_strategies.hpp; sourceTree = "<group>"; };
		274B56C1257472460058882F /* utils.cpp */ = {isa = PBXFileReference; fileEncoding = 4; lastKnownFileType = sourcecode.cpp.cpp; path = utils.cpp; sourceTree = "<group>"; };
		274B56C2257472460058882F /* gpu_interface_wrapper.hpp */ = {isa = PBXFileReference; fileEncoding = 4; lastKnownFileType = sourcecode.cpp.h; path = gpu_interface_wrapper.hpp; sourceTree = "<group>"; };
		274B56C3257472460058882F /* simple_strategies.hpp */ = {isa = PBXFileReference; fileEncoding = 4; lastKnownFileType = sourcecode.cpp.h; path = simple_strategies.hpp; sourceTree = "<group>"; };
		274B56C4257472460058882F /* strategy.cpp */ = {isa = PBXFileReference; fileEncoding = 4; lastKnownFileType = sourcecode.cpp.cpp; path = strategy.cpp; sourceTree = "<group>"; };
		274B56C5257472460058882F /* LICENSE */ = {isa = PBXFileReference; fileEncoding = 4; lastKnownFileType = text; path = LICENSE; sourceTree = "<group>"; };
		274B56C6257472460058882F /* codeword.hpp */ = {isa = PBXFileReference; fileEncoding = 4; lastKnownFileType = sourcecode.cpp.h; path = codeword.hpp; sourceTree = "<group>"; };
		274B56C7257472460058882F /* strategy.hpp */ = {isa = PBXFileReference; fileEncoding = 4; lastKnownFileType = sourcecode.cpp.h; path = strategy.hpp; sourceTree = "<group>"; };
		274B56C8257472460058882F /* codeword.cpp */ = {isa = PBXFileReference; fileEncoding = 4; lastKnownFileType = sourcecode.cpp.cpp; path = codeword.cpp; sourceTree = "<group>"; };
		274B56C9257472460058882F /* gpu_interface.m */ = {isa = PBXFileReference; fileEncoding = 4; lastKnownFileType = sourcecode.c.objc; path = gpu_interface.m; sourceTree = "<group>"; };
		274B56CA257472460058882F /* subsetting_strategies.cpp */ = {isa = PBXFileReference; fileEncoding = 4; lastKnownFileType = sourcecode.cpp.cpp; path = subsetting_strategies.cpp; sourceTree = "<group>"; };
		274B56CB257472460058882F /* utils.hpp */ = {isa = PBXFileReference; fileEncoding = 4; lastKnownFileType = sourcecode.cpp.h; path = utils.hpp; sourceTree = "<group>"; };
		274B56CC257472460058882F /* README.md */ = {isa = PBXFileReference; fileEncoding = 4; lastKnownFileType = net.daringfireball.markdown; path = README.md; sourceTree = "<group>"; };
		278FA71425609AE9001C553E /* Mastermind */ = {isa = PBXFileReference; explicitFileType = "compiled.mach-o.executable"; includeInIndex = 0; path = Mastermind; sourceTree = BUILT_PRODUCTS_DIR; };
/* End PBXFileReference section */

/* Begin PBXFrameworksBuildPhase section */
		278FA71125609AE9001C553E /* Frameworks */ = {
			isa = PBXFrameworksBuildPhase;
			buildActionMask = 2147483647;
			files = (
				271B925D2563A6B50084A744 /* CoreGraphics.framework in Frameworks */,
			);
			runOnlyForDeploymentPostprocessing = 0;
		};
/* End PBXFrameworksBuildPhase section */

/* Begin PBXGroup section */
		271B925B2563A6B50084A744 /* Frameworks */ = {
			isa = PBXGroup;
			children = (
				271B925C2563A6B50084A744 /* CoreGraphics.framework */,
			);
			name = Frameworks;
			sourceTree = "<group>";
		};
		278FA70B25609AE9001C553E = {
			isa = PBXGroup;
			children = (
				274B56C8257472460058882F /* codeword.cpp */,
				274B56C6257472460058882F /* codeword.hpp */,
				274B56BE257472460058882F /* compute_kernels.metal */,
				274B56C2257472460058882F /* gpu_interface_wrapper.hpp */,
				274B56BD257472460058882F /* gpu_interface_wrapper.mm */,
				274B56BA257472460058882F /* gpu_interface.h */,
				274B56C9257472460058882F /* gpu_interface.m */,
				274B56C5257472460058882F /* LICENSE */,
				274B56BB257472460058882F /* main.cpp */,
				274B56CC257472460058882F /* README.md */,
				274B56B9257472460058882F /* score.cpp */,
				274B56BC257472460058882F /* score.hpp */,
				274B56BF257472460058882F /* simple_strategies.cpp */,
				274B56C3257472460058882F /* simple_strategies.hpp */,
				274B56C4257472460058882F /* strategy.cpp */,
				274B56C7257472460058882F /* strategy.hpp */,
				274B56CA257472460058882F /* subsetting_strategies.cpp */,
				274B56C0257472460058882F /* subsetting_strategies.hpp */,
				274B56C1257472460058882F /* utils.cpp */,
				274B56CB257472460058882F /* utils.hpp */,
				278FA71525609AE9001C553E /* Products */,
				271B925B2563A6B50084A744 /* Frameworks */,
			);
			sourceTree = "<group>";
		};
		278FA71525609AE9001C553E /* Products */ = {
			isa = PBXGroup;
			children = (
				278FA71425609AE9001C553E /* Mastermind */,
			);
			name = Products;
			sourceTree = "<group>";
		};
/* End PBXGroup section */

/* Begin PBXNativeTarget section */
		278FA71325609AE9001C553E /* Mastermind */ = {
			isa = PBXNativeTarget;
			buildConfigurationList = 278FA71B25609AE9001C553E /* Build configuration list for PBXNativeTarget "Mastermind" */;
			buildPhases = (
				278FA71025609AE9001C553E /* Sources */,
				278FA71125609AE9001C553E /* Frameworks */,
				278FA71225609AE9001C553E /* CopyFiles */,
			);
			buildRules = (
			);
			dependencies = (
			);
			name = Mastermind;
			productName = mastermind_metal;
			productReference = 278FA71425609AE9001C553E /* Mastermind */;
			productType = "com.apple.product-type.tool";
		};
/* End PBXNativeTarget section */

/* Begin PBXProject section */
		278FA70C25609AE9001C553E /* Project object */ = {
			isa = PBXProject;
			attributes = {
				LastUpgradeCheck = 1220;
				TargetAttributes = {
					278FA71325609AE9001C553E = {
						CreatedOnToolsVersion = 12.2;
					};
				};
			};
			buildConfigurationList = 278FA70F25609AE9001C553E /* Build configuration list for PBXProject "Mastermind" */;
			compatibilityVersion = "Xcode 9.3";
			developmentRegion = en;
			hasScannedForEncodings = 0;
			knownRegions = (
				en,
				Base,
			);
			mainGroup = 278FA70B25609AE9001C553E;
			productRefGroup = 278FA71525609AE9001C553E /* Products */;
			projectDirPath = "";
			projectRoot = "";
			targets = (
				278FA71325609AE9001C553E /* Mastermind */,
			);
		};
/* End PBXProject section */

/* Begin PBXSourcesBuildPhase section */
		278FA71025609AE9001C553E /* Sources */ = {
			isa = PBXSourcesBuildPhase;
			buildActionMask = 2147483647;
			files = (
				274B56CF257472460058882F /* gpu_interface_wrapper.mm in Sources */,
				274B56D5257472460058882F /* gpu_interface.m in Sources */,
				274B56CE257472460058882F /* main.cpp in Sources */,
				274B56D0257472460058882F /* compute_kernels.metal in Sources */,
				274B56D2257472460058882F /* utils.cpp in Sources */,
				274B56CD257472460058882F /* score.cpp in Sources */,
			);
			runOnlyForDeploymentPostprocessing = 0;
		};
/* End PBXSourcesBuildPhase section */

/* Begin XCBuildConfiguration section */
		278FA71925609AE9001C553E /* Debug */ = {
			isa = XCBuildConfiguration;
			buildSettings = {
				ALWAYS_SEARCH_USER_PATHS = NO;
				CLANG_ANALYZER_NONNULL = YES;
				CLANG_ANALYZER_NUMBER_OBJECT_CONVERSION = YES_AGGRESSIVE;
				CLANG_CXX_LANGUAGE_STANDARD = "c++2a";
				CLANG_CXX_LIBRARY = "libc++";
				CLANG_ENABLE_MODULES = YES;
				CLANG_ENABLE_OBJC_ARC = YES;
				CLANG_ENABLE_OBJC_WEAK = YES;
				CLANG_WARN_BLOCK_CAPTURE_AUTORELEASING = YES;
				CLANG_WARN_BOOL_CONVERSION = YES;
				CLANG_WARN_COMMA = YES;
				CLANG_WARN_CONSTANT_CONVERSION = YES;
				CLANG_WARN_DEPRECATED_OBJC_IMPLEMENTATIONS = YES;
				CLANG_WARN_DIRECT_OBJC_ISA_USAGE = YES_ERROR;
				CLANG_WARN_DOCUMENTATION_COMMENTS = YES;
				CLANG_WARN_EMPTY_BODY = YES;
				CLANG_WARN_ENUM_CONVERSION = YES;
				CLANG_WARN_INFINITE_RECURSION = YES;
				CLANG_WARN_INT_CONVERSION = YES;
				CLANG_WARN_NON_LITERAL_NULL_CONVERSION = YES;
				CLANG_WARN_OBJC_IMPLICIT_RETAIN_SELF = YES;
				CLANG_WARN_OBJC_LITERAL_CONVERSION = YES;
				CLANG_WARN_OBJC_ROOT_CLASS = YES_ERROR;
				CLANG_WARN_QUOTED_INCLUDE_IN_FRAMEWORK_HEADER = YES;
				CLANG_WARN_RANGE_LOOP_ANALYSIS = YES;
				CLANG_WARN_STRICT_PROTOTYPES = YES;
				CLANG_WARN_SUSPICIOUS_IMPLICIT_CONVERSION = NO;
				CLANG_WARN_SUSPICIOUS_MOVE = YES;
				CLANG_WARN_UNGUARDED_AVAILABILITY = YES_AGGRESSIVE;
				CLANG_WARN_UNREACHABLE_CODE = YES;
				CLANG_WARN__DUPLICATE_METHOD_MATCH = YES;
				COPY_PHASE_STRIP = NO;
				DEBUG_INFORMATION_FORMAT = dwarf;
				ENABLE_STRICT_OBJC_MSGSEND = YES;
				ENABLE_TESTABILITY = YES;
				GCC_C_LANGUAGE_STANDARD = gnu11;
				GCC_DYNAMIC_NO_PIC = NO;
				GCC_NO_COMMON_BLOCKS = YES;
				GCC_OPTIMIZATION_LEVEL = 0;
				GCC_PREPROCESSOR_DEFINITIONS = __MM_GPU_METAL__;
				GCC_WARN_64_TO_32_BIT_CONVERSION = YES;
				GCC_WARN_ABOUT_RETURN_TYPE = YES_ERROR;
				GCC_WARN_UNDECLARED_SELECTOR = YES;
				GCC_WARN_UNINITIALIZED_AUTOS = YES_AGGRESSIVE;
				GCC_WARN_UNUSED_FUNCTION = YES;
				GCC_WARN_UNUSED_VARIABLE = YES;
				MACOSX_DEPLOYMENT_TARGET = 10.15;
				MTL_ENABLE_DEBUG_INFO = INCLUDE_SOURCE;
				MTL_FAST_MATH = YES;
				MTL_LANGUAGE_REVISION = UseDeploymentTarget;
				ONLY_ACTIVE_ARCH = YES;
				OTHER_CPLUSPLUSFLAGS = (
					"$(OTHER_CFLAGS)",
					"-march=native",
				);
				SDKROOT = macosx;
			};
			name = Debug;
		};
		278FA71A25609AE9001C553E /* Release */ = {
			isa = XCBuildConfiguration;
			buildSettings = {
				ALWAYS_SEARCH_USER_PATHS = NO;
				CLANG_ANALYZER_NONNULL = YES;
				CLANG_ANALYZER_NUMBER_OBJECT_CONVERSION = YES_AGGRESSIVE;
				CLANG_CXX_LANGUAGE_STANDARD = "c++2a";
				CLANG_CXX_LIBRARY = "libc++";
				CLANG_ENABLE_MODULES = YES;
				CLANG_ENABLE_OBJC_ARC = YES;
				CLANG_ENABLE_OBJC_WEAK = YES;
				CLANG_WARN_BLOCK_CAPTURE_AUTORELEASING = YES;
				CLANG_WARN_BOOL_CONVERSION = YES;
				CLANG_WARN_COMMA = YES;
				CLANG_WARN_CONSTANT_CONVERSION = YES;
				CLANG_WARN_DEPRECATED_OBJC_IMPLEMENTATIONS = YES;
				CLANG_WARN_DIRECT_OBJC_ISA_USAGE = YES_ERROR;
				CLANG_WARN_DOCUMENTATION_COMMENTS = YES;
				CLANG_WARN_EMPTY_BODY = YES;
				CLANG_WARN_ENUM_CONVERSION = YES;
				CLANG_WARN_INFINITE_RECURSION = YES;
				CLANG_WARN_INT_CONVERSION = YES;
				CLANG_WARN_NON_LITERAL_NULL_CONVERSION = YES;
				CLANG_WARN_OBJC_IMPLICIT_RETAIN_SELF = YES;
				CLANG_WARN_OBJC_LITERAL_CONVERSION = YES;
				CLANG_WARN_OBJC_ROOT_CLASS = YES_ERROR;
				CLANG_WARN_QUOTED_INCLUDE_IN_FRAMEWORK_HEADER = YES;
				CLANG_WARN_RANGE_LOOP_ANALYSIS = YES;
				CLANG_WARN_STRICT_PROTOTYPES = YES;
				CLANG_WARN_SUSPICIOUS_IMPLICIT_CONVERSION = NO;
				CLANG_WARN_SUSPICIOUS_MOVE = YES;
				CLANG_WARN_UNGUARDED_AVAILABILITY = YES_AGGRESSIVE;
				CLANG_WARN_UNREACHABLE_CODE = YES;
				CLANG_WARN__DUPLICATE_METHOD_MATCH = YES;
				COPY_PHASE_STRIP = NO;
				DEBUG_INFORMATION_FORMAT = "dwarf-with-dsym";
				ENABLE_NS_ASSERTIONS = NO;
				ENABLE_STRICT_OBJC_MSGSEND = YES;
				GCC_C_LANGUAGE_STANDARD = gnu11;
				GCC_NO_COMMON_BLOCKS = YES;
				GCC_OPTIMIZATION_LEVEL = 3;
				GCC_PREPROCESSOR_DEFINITIONS = __MM_GPU_METAL__;
				GCC_WARN_64_TO_32_BIT_CONVERSION = YES;
				GCC_WARN_ABOUT_RETURN_TYPE = YES_ERROR;
				GCC_WARN_UNDECLARED_SELECTOR = YES;
				GCC_WARN_UNINITIALIZED_AUTOS = YES_AGGRESSIVE;
				GCC_WARN_UNUSED_FUNCTION = YES;
				GCC_WARN_UNUSED_VARIABLE = YES;
				MACOSX_DEPLOYMENT_TARGET = 10.15;
				MTL_ENABLE_DEBUG_INFO = INCLUDE_SOURCE;
				MTL_FAST_MATH = YES;
				MTL_LANGUAGE_REVISION = UseDeploymentTarget;
				ONLY_ACTIVE_ARCH = YES;
				OTHER_CPLUSPLUSFLAGS = (
					"$(OTHER_CFLAGS)",
					"-march=native",
				);
				SDKROOT = macosx;
			};
			name = Release;
		};
		278FA71C25609AE9001C553E /* Debug */ = {
			isa = XCBuildConfiguration;
			buildSettings = {
				CODE_SIGN_STYLE = Automatic;
				DEVELOPMENT_TEAM = 5EJ69V684U;
				ENABLE_HARDENED_RUNTIME = YES;
				PRODUCT_NAME = "$(TARGET_NAME)";
			};
			name = Debug;
		};
		278FA71D25609AE9001C553E /* Release */ = {
			isa = XCBuildConfiguration;
			buildSettings = {
				CODE_SIGN_STYLE = Automatic;
				DEVELOPMENT_TEAM = 5EJ69V684U;
				ENABLE_HARDENED_RUNTIME = YES;
				PRODUCT_NAME = "$(TARGET_NAME)";
			};
			name = Release;
		};
/* End XCBuildConfiguration section */

/* Begin XCConfigurationList section */
		278FA70F25609AE9001C553E /* Build configuration list for PBXProject "Mastermind" */ = {
			isa = XCConfigurationList;
			buildConfigurations = (
				278FA71925609AE9001C553E /* Debug */,
				278FA71A25609AE9001C553E /* Release */,
			);
			defaultConfigurationIsVisible = 0;
			defaultConfigurationName = Release;
		};
		278FA71B25609AE9001C553E /* Build configuration list for PBXNativeTarget "Mastermind" */ = {
			isa = XCConfigurationList;
			buildConfigurations = (
				278FA71C25609AE9001C553E /* Debug */,
				278FA71D25609AE9001C553E /* Release */,
			);
			defaultConfigurationIsVisible = 0;
			defaultConfigurationName = Release;
		};
/* End XCConfigurationList section */
	};
	rootObject = 278FA70C25609AE9001C553E /* Project object */;
}
